version = 1
revision = 3
requires-python = "==3.13.*"
resolution-markers = [
    "sys_platform == 'win32'",
    "sys_platform == 'emscripten'",
    "sys_platform != 'emscripten' and sys_platform != 'win32'",
]

[[package]]
name = "asyncclick"
version = "8.3.0.7"
source = { registry = "https://pypi.org/simple" }
dependencies = [
    { name = "colorama", marker = "sys_platform == 'win32'" },
]
sdist = { url = "https://files.pythonhosted.org/packages/f9/ca/25e426d16bd0e91c1c9259112cecd17b2c2c239bdd8e5dba430f3bd5e3ef/asyncclick-8.3.0.7.tar.gz", hash = "sha256:8a80d8ac613098ee6a9a8f0248f60c66c273e22402cf3f115ed7f071acfc71d3", size = 277634, upload-time = "2025-10-11T08:35:44.841Z" }
wheels = [
    { url = "https://files.pythonhosted.org/packages/01/d9/782ffcb4c97b889bc12d8276637d2739b99520390ee8fec77c07416c5d12/asyncclick-8.3.0.7-py3-none-any.whl", hash = "sha256:7607046de39a3f315867cad818849f973e29d350c10d92f251db3ff7600c6c7d", size = 109925, upload-time = "2025-10-11T08:35:43.378Z" },
]

[[package]]
name = "aws-xray-sdk"
version = "2.15.0"
source = { registry = "https://pypi.org/simple" }
dependencies = [
    { name = "botocore" },
    { name = "wrapt" },
]
sdist = { url = "https://files.pythonhosted.org/packages/14/25/0cbd7a440080def5e6f063720c3b190a25f8aa2938c1e34415dc18241596/aws_xray_sdk-2.15.0.tar.gz", hash = "sha256:794381b96e835314345068ae1dd3b9120bd8b4e21295066c37e8814dbb341365", size = 76315, upload-time = "2025-10-29T20:59:45Z" }
wheels = [
    { url = "https://files.pythonhosted.org/packages/ef/c3/f30a7a63e664acc7c2545ca0491b6ce8264536e0e5cad3965f1d1b91e960/aws_xray_sdk-2.15.0-py2.py3-none-any.whl", hash = "sha256:422d62ad7d52e373eebb90b642eb1bb24657afe03b22a8df4a8b2e5108e278a3", size = 103228, upload-time = "2025-10-29T21:00:24.12Z" },
]

[[package]]
name = "boto3"
version = "1.42.45"
source = { registry = "https://pypi.org/simple" }
dependencies = [
    { name = "botocore" },
    { name = "jmespath" },
    { name = "s3transfer" },
]
sdist = { url = "https://files.pythonhosted.org/packages/9e/e6/8fdd78825de6d8086aa3097955f83d8db3c5a3868b73da233c49977a7444/boto3-1.42.45.tar.gz", hash = "sha256:4db50b8b39321fab87ff7f40ab407887d436d004c1f2b0dfdf56e42b4884709b", size = 112846, upload-time = "2026-02-09T21:50:14.925Z" }
wheels = [
    { url = "https://files.pythonhosted.org/packages/6c/e0/d59a178799412cfe38c2757d6e49c337a5e71b18cdc3641dd6d9daf52151/boto3-1.42.45-py3-none-any.whl", hash = "sha256:5074e074a718a6f3c2b519cbb9ceab258f17b331a143d23351d487984f2a412f", size = 140604, upload-time = "2026-02-09T21:50:13.113Z" },
]

[[package]]
name = "botocore"
version = "1.42.45"
source = { registry = "https://pypi.org/simple" }
dependencies = [
    { name = "jmespath" },
    { name = "python-dateutil" },
    { name = "urllib3" },
]
sdist = { url = "https://files.pythonhosted.org/packages/7a/b1/c36ad705d67bb935eac3085052b5dc03ec22d5ac12e7aedf514f3d76cac8/botocore-1.42.45.tar.gz", hash = "sha256:40b577d07b91a0ed26879da9e4658d82d3a400382446af1014d6ad3957497545", size = 14941217, upload-time = "2026-02-09T21:50:01.966Z" }
wheels = [
    { url = "https://files.pythonhosted.org/packages/7e/ec/6681b8e4884f8663d7650220e702c503e4ba6bd09a5b91d44803b0b1d0a8/botocore-1.42.45-py3-none-any.whl", hash = "sha256:a5ea5d1b7c46c2d5d113879e45b21eaf7d60dc865f4bcb46dfcf0703fe3429f4", size = 14615557, upload-time = "2026-02-09T21:49:57.066Z" },
]

[[package]]
name = "certifi"
version = "2026.1.4"
source = { registry = "https://pypi.org/simple" }
sdist = { url = "https://files.pythonhosted.org/packages/e0/2d/a891ca51311197f6ad14a7ef42e2399f36cf2f9bd44752b3dc4eab60fdc5/certifi-2026.1.4.tar.gz", hash = "sha256:ac726dd470482006e014ad384921ed6438c457018f4b3d204aea4281258b2120", size = 154268, upload-time = "2026-01-04T02:42:41.825Z" }
wheels = [
    { url = "https://files.pythonhosted.org/packages/e6/ad/3cc14f097111b4de0040c83a525973216457bbeeb63739ef1ed275c1c021/certifi-2026.1.4-py3-none-any.whl", hash = "sha256:9943707519e4add1115f44c2bc244f782c0249876bf51b6599fee1ffbedd685c", size = 152900, upload-time = "2026-01-04T02:42:40.15Z" },
]

[[package]]
name = "chardet"
version = "3.0.4"
source = { registry = "https://pypi.org/simple" }
sdist = { url = "https://files.pythonhosted.org/packages/fc/bb/a5768c230f9ddb03acc9ef3f0d4a3cf93462473795d18e9535498c8f929d/chardet-3.0.4.tar.gz", hash = "sha256:84ab92ed1c4d4f16916e05906b6b75a6c0fb5db821cc65e70cbd64a3e2a5eaae", size = 1868453, upload-time = "2017-06-08T14:34:35.581Z" }
wheels = [
    { url = "https://files.pythonhosted.org/packages/bc/a9/01ffebfb562e4274b6487b4bb1ddec7ca55ec7510b22e4c51f14098443b8/chardet-3.0.4-py2.py3-none-any.whl", hash = "sha256:fc323ffcaeaed0e0a02bf4d117757b98aed530d9ed4531e3e15460124c106691", size = 133356, upload-time = "2017-06-08T14:34:33.552Z" },
]

[[package]]
name = "click"
version = "8.3.1"
source = { registry = "https://pypi.org/simple" }
dependencies = [
    { name = "colorama", marker = "sys_platform == 'win32'" },
]
sdist = { url = "https://files.pythonhosted.org/packages/3d/fa/656b739db8587d7b5dfa22e22ed02566950fbfbcdc20311993483657a5c0/click-8.3.1.tar.gz", hash = "sha256:12ff4785d337a1bb490bb7e9c2b1ee5da3112e94a8622f26a6c77f5d2fc6842a", size = 295065, upload-time = "2025-11-15T20:45:42.706Z" }
wheels = [
    { url = "https://files.pythonhosted.org/packages/98/78/01c019cdb5d6498122777c1a43056ebb3ebfeef2076d9d026bfe15583b2b/click-8.3.1-py3-none-any.whl", hash = "sha256:981153a64e25f12d547d3426c367a4857371575ee7ad18df2a6183ab0545b2a6", size = 108274, upload-time = "2025-11-15T20:45:41.139Z" },
]

[[package]]
name = "codeguru-profiler-agent"
version = "1.2.6"
source = { registry = "https://pypi.org/simple" }
dependencies = [
    { name = "boto3" },
]
sdist = { url = "https://files.pythonhosted.org/packages/b3/f5/ccd6b1f434dae4e37bdb767fe157fe7a2698d61e9bbd0aadbe151eb34740/codeguru_profiler_agent-1.2.6.tar.gz", hash = "sha256:75fb2ec9bf73f64a08dc817b2530c7ebeb7eb7bd8484a6572717560e8c572964", size = 47121, upload-time = "2025-12-11T14:22:17.273Z" }
wheels = [
    { url = "https://files.pythonhosted.org/packages/af/d1/01a2a06bc2e169e2649cd7da9dcbca03afc32366d55d0a8fb43cba872bf8/codeguru_profiler_agent-1.2.6-py3-none-any.whl", hash = "sha256:d9756b84d71c0d254e8f6e92b274090534f7783b97fcb92d8bdcfe7699659e34", size = 62168, upload-time = "2025-12-11T14:22:16.182Z" },
]

[[package]]
name = "colorama"
version = "0.4.6"
source = { registry = "https://pypi.org/simple" }
sdist = { url = "https://files.pythonhosted.org/packages/d8/53/6f443c9a4a8358a93a6792e2acffb9d9d5cb0a5cfd8802644b7b1c9a02e4/colorama-0.4.6.tar.gz", hash = "sha256:08695f5cb7ed6e0531a20572697297273c47b8cae5a63ffc6d6ed5c201be6e44", size = 27697, upload-time = "2022-10-25T02:36:22.414Z" }
wheels = [
    { url = "https://files.pythonhosted.org/packages/d1/d6/3965ed04c63042e047cb6a3e6ed1a63a35087b6a609aa3a15ed8ac56c221/colorama-0.4.6-py2.py3-none-any.whl", hash = "sha256:4f1d9991f5acc0ca119f9d443620b77f9d6b33703e51011c16baf57afb285fc6", size = 25335, upload-time = "2022-10-25T02:36:20.889Z" },
]

[[package]]
name = "geobuf"
version = "2.0.1"
source = { registry = "https://pypi.org/simple" }
dependencies = [
    { name = "click" },
    { name = "protobuf" },
    { name = "six" },
]
sdist = { url = "https://files.pythonhosted.org/packages/fd/d4/538d7d6c6524022bf91ed35a411913cef0e00dcb70fd3b9d3776be631f6e/geobuf-2.0.1.tar.gz", hash = "sha256:73f173e42e50ca546ad81be8ac33511bf09d0fcb58799fa50ef0ee5f01c77561", size = 46593, upload-time = "2026-01-20T02:05:35.046Z" }
wheels = [
    { url = "https://files.pythonhosted.org/packages/41/d6/d02c66ce9dc888f663b127062f43cbdbaa5f4a37dfeaa6937aa5fe67a963/geobuf-2.0.1-py3-none-any.whl", hash = "sha256:b8407af71134aa1e2e55e2ae1d2d241b2c2345e2904de7cca48eb441ee6f2e5d", size = 9773, upload-time = "2026-01-20T02:05:34.262Z" },
]

[[package]]
name = "gfw-raster-analysis-lambda"
version = "2.0.1"
source = { virtual = "." }
dependencies = [
    { name = "asyncclick" },
    { name = "aws-xray-sdk" },
    { name = "codeguru-profiler-agent" },
    { name = "geobuf" },
    { name = "http3" },
    { name = "lambda-decorators" },
    { name = "mo-parsing" },
    { name = "mo-sql-parsing" },
    { name = "protobuf" },
    { name = "pyproj" },
]

[package.metadata]
requires-dist = [
    { name = "asyncclick" },
    { name = "aws-xray-sdk" },
    { name = "codeguru-profiler-agent" },
    { name = "geobuf" },
    { name = "http3" },
    { name = "lambda-decorators" },
    { name = "mo-parsing" },
    { name = "mo-sql-parsing" },
    { name = "protobuf" },
    { name = "pyproj" },
]

[[package]]
name = "h11"
version = "0.8.1"
source = { registry = "https://pypi.org/simple" }
sdist = { url = "https://files.pythonhosted.org/packages/cd/de/1ea0125d32541f33e59d59bcad9260cf110c150c3db6fdea0e55159ba26d/h11-0.8.1.tar.gz", hash = "sha256:acca6a44cb52a32ab442b1779adf0875c443c689e9e028f8d831a3769f9c5208", size = 94009, upload-time = "2018-04-15T05:15:34.664Z" }
wheels = [
    { url = "https://files.pythonhosted.org/packages/f9/f3/8e4cf5fa1a3d8bda942a0b1cf92f87815494216fd439f82eb99073141ba0/h11-0.8.1-py2.py3-none-any.whl", hash = "sha256:f2b1ca39bfed357d1f19ac732913d5f9faa54a5062eca7d2ec3a916cfb7ae4c7", size = 55828, upload-time = "2018-04-15T05:15:32.703Z" },
]

[[package]]
name = "h2"
version = "3.2.0"
source = { registry = "https://pypi.org/simple" }
dependencies = [
    { name = "hpack" },
    { name = "hyperframe" },
]
sdist = { url = "https://files.pythonhosted.org/packages/08/0a/033df0fc05fe94f72517ccd393dd9ff99b1773fd198307638e6d3568a518/h2-3.2.0.tar.gz", hash = "sha256:875f41ebd6f2c44781259005b157faed1a5031df3ae5aa7bcb4628a6c0782f14", size = 2215889, upload-time = "2020-02-08T16:46:05.196Z" }
wheels = [
    { url = "https://files.pythonhosted.org/packages/25/de/da019bcc539eeab02f6d45836f23858ac467f584bfec7a526ef200242afe/h2-3.2.0-py2.py3-none-any.whl", hash = "sha256:61e0f6601fa709f35cdb730863b4e5ec7ad449792add80d1410d4174ed139af5", size = 65044, upload-time = "2020-02-08T16:45:57.169Z" },
]

[[package]]
name = "hpack"
version = "3.0.0"
source = { registry = "https://pypi.org/simple" }
sdist = { url = "https://files.pythonhosted.org/packages/44/f1/b4440e46e265a29c0cb7b09b6daec6edf93c79eae713cfed93fbbf8716c5/hpack-3.0.0.tar.gz", hash = "sha256:8eec9c1f4bfae3408a3f30500261f7e6a65912dc138526ea054f9ad98892e9d2", size = 43321, upload-time = "2017-03-29T13:00:11.691Z" }
wheels = [
    { url = "https://files.pythonhosted.org/packages/8a/cc/e53517f4a1e13f74776ca93271caef378dadec14d71c61c949d759d3db69/hpack-3.0.0-py2.py3-none-any.whl", hash = "sha256:0edd79eda27a53ba5be2dfabf3b15780928a0dff6eb0c60a3d6767720e970c89", size = 38552, upload-time = "2017-03-29T13:00:09.659Z" },
]

[[package]]
name = "http3"
version = "0.6.7"
source = { registry = "https://pypi.org/simple" }
dependencies = [
    { name = "certifi" },
    { name = "chardet" },
    { name = "h11" },
    { name = "h2" },
    { name = "idna" },
    { name = "rfc3986" },
]
sdist = { url = "https://files.pythonhosted.org/packages/ae/47/7d25c71f5dab11f7c2a70766baf76b8f079706f66d14d047cca81d167c48/http3-0.6.7.tar.gz", hash = "sha256:dbf9beedc58d8bbcf6e681a9d63d9e7cd8da346e1ffb512e02e9bf097d91f0bf", size = 35119, upload-time = "2019-07-08T14:58:54.285Z" }

[[package]]
name = "hyperframe"
version = "5.2.0"
source = { registry = "https://pypi.org/simple" }
sdist = { url = "https://files.pythonhosted.org/packages/e6/7f/9a4834af1010dc1d570d5f394dfd9323a7d7ada7d25586bd299fc4cb0356/hyperframe-5.2.0.tar.gz", hash = "sha256:a9f5c17f2cc3c719b917c4f33ed1c61bd1f8dfac4b1bd23b7c80b3400971b41f", size = 19115, upload-time = "2019-01-18T10:35:23.391Z" }
wheels = [
    { url = "https://files.pythonhosted.org/packages/19/0c/bf88182bcb5dce3094e2f3e4fe20db28a9928cb7bd5b08024030e4b140db/hyperframe-5.2.0-py2.py3-none-any.whl", hash = "sha256:5187962cb16dcc078f23cb5a4b110098d546c3f41ff2d4038a9896893bbd0b40", size = 12803, upload-time = "2019-01-18T10:35:21.751Z" },
]

[[package]]
name = "idna"
version = "2.10"
source = { registry = "https://pypi.org/simple" }
sdist = { url = "https://files.pythonhosted.org/packages/ea/b7/e0e3c1c467636186c39925827be42f16fee389dc404ac29e930e9136be70/idna-2.10.tar.gz", hash = "sha256:b307872f855b18632ce0c21c5e45be78c0ea7ae4c15c828c20788b26921eb3f6", size = 175616, upload-time = "2020-06-27T23:45:05.21Z" }
wheels = [
    { url = "https://files.pythonhosted.org/packages/a2/38/928ddce2273eaa564f6f50de919327bf3a00f091b5baba8dfa9460f3a8a8/idna-2.10-py2.py3-none-any.whl", hash = "sha256:b97d804b1e9b523befed77c48dacec60e6dcb0b5391d57af6a65a312a90648c0", size = 58811, upload-time = "2020-06-27T23:45:03.457Z" },
]

[[package]]
name = "jmespath"
version = "1.1.0"
source = { registry = "https://pypi.org/simple" }
sdist = { url = "https://files.pythonhosted.org/packages/d3/59/322338183ecda247fb5d1763a6cbe46eff7222eaeebafd9fa65d4bf5cb11/jmespath-1.1.0.tar.gz", hash = "sha256:472c87d80f36026ae83c6ddd0f1d05d4e510134ed462851fd5f754c8c3cbb88d", size = 27377, upload-time = "2026-01-22T16:35:26.279Z" }
wheels = [
    { url = "https://files.pythonhosted.org/packages/14/2f/967ba146e6d58cf6a652da73885f52fc68001525b4197effc174321d70b4/jmespath-1.1.0-py3-none-any.whl", hash = "sha256:a5663118de4908c91729bea0acadca56526eb2698e83de10cd116ae0f4e97c64", size = 20419, upload-time = "2026-01-22T16:35:24.919Z" },
]

[[package]]
name = "lambda-decorators"
version = "0.6.0"
source = { registry = "https://pypi.org/simple" }
dependencies = [
    { name = "boto3" },
]
sdist = { url = "https://files.pythonhosted.org/packages/8d/0e/dfad34fbd523758cdaa31130644df87bd1e9ea64d8bafd950d6c6461312c/lambda-decorators-0.6.0.tar.gz", hash = "sha256:3043cfbc7cf5633bc5345f7827291dca6090864ff792f609dc2bce75c2cfb7f0", size = 8547, upload-time = "2020-02-28T17:08:50.834Z" }
wheels = [
    { url = "https://files.pythonhosted.org/packages/0d/3a/7e4a727e2fa86ccb0202322da6062e01259d03ffd73575515d8d44ccfe68/lambda_decorators-0.6.0-py2.py3-none-any.whl", hash = "sha256:6dae10db0b958e6cb41e162e160254821753cd2c654e3167d89639e8c6217e8b", size = 10625, upload-time = "2020-02-28T17:08:52.457Z" },
]

[[package]]
name = "mo-dots"
version = "10.685.25166"
source = { registry = "https://pypi.org/simple" }
dependencies = [
    { name = "mo-future" },
    { name = "mo-imports" },
]
sdist = { url = "https://files.pythonhosted.org/packages/12/b3/1e77f95df6fbe62a9d61fdb2bb24485da5e694508b780ecadbec9d4ad8b7/mo_dots-10.685.25166.tar.gz", hash = "sha256:bd045742d11289fc9b48e1211e30a54119cbf5b97f1f558be0c8d812db2e2336", size = 25087, upload-time = "2025-06-15T16:47:26.378Z" }
wheels = [
    { url = "https://files.pythonhosted.org/packages/c8/bc/65251c706740a8a4624d11f4e19eafd5ab7ceb175163e39a1e1a803c06a3/mo_dots-10.685.25166-py3-none-any.whl", hash = "sha256:03ad99f800fc74e82f9b96a91b456ca6a6cca7bfd46909027ac2b33cc858cb8b", size = 27306, upload-time = "2025-06-15T16:47:24.98Z" },
]

[[package]]
name = "mo-future"
version = "7.685.25166"
source = { registry = "https://pypi.org/simple" }
sdist = { url = "https://files.pythonhosted.org/packages/97/3d/b786f81ab44df988875797746b227c4743c35a1bb8d5009d6bdf02215501/mo_future-7.685.25166.tar.gz", hash = "sha256:0846fc97bb12a688f44d98b246dab69a5757ab68b46ed1a641f2df317d455bed", size = 10503, upload-time = "2025-06-15T16:41:18.647Z" }
wheels = [
    { url = "https://files.pythonhosted.org/packages/1c/81/27b4857b508f62a0e715b995b2a406eff618a1ad217538d330cf0b4d06be/mo_future-7.685.25166-py3-none-any.whl", hash = "sha256:a1b30ae9331094ccf33780fe8726bf947f6250f8a1ae65568c3d632a7fbcfdd3", size = 11208, upload-time = "2025-06-15T16:41:17.412Z" },
]

[[package]]
name = "mo-imports"
version = "7.685.25166"
source = { registry = "https://pypi.org/simple" }
dependencies = [
    { name = "mo-future" },
]
sdist = { url = "https://files.pythonhosted.org/packages/0c/63/38af1440ee68413e8b8965070e0939b9dbce68fced5a3a0073a4ffea64c9/mo_imports-7.685.25166.tar.gz", hash = "sha256:d5c44eca0f5db99f7443548759f49094f1c1d5c348176826c460a8ba37429202", size = 12162, upload-time = "2025-06-15T16:42:53.082Z" }
wheels = [
    { url = "https://files.pythonhosted.org/packages/55/5d/efb6a6b25ccdd359d12ae34c71dc39a1edf267524eb77fa6a5e58aa88693/mo_imports-7.685.25166-py3-none-any.whl", hash = "sha256:e98ecf92f88402fb2a1f9693955c8451419260c6e54ee9037c1a857ebc80b774", size = 11753, upload-time = "2025-06-15T16:42:52.016Z" },
]

[[package]]
name = "mo-parsing"
version = "8.694.25301"
source = { registry = "https://pypi.org/simple" }
dependencies = [
    { name = "mo-dots" },
    { name = "mo-future" },
]
sdist = { url = "https://files.pythonhosted.org/packages/c7/b1/fe75894e24d8f59017706699242c624f9c748804178addcfa41b04a99187/mo_parsing-8.694.25301.tar.gz", hash = "sha256:552d904d2524408ef74609fb2368392664230c8ffdd0ff4ece414d84c0653051", size = 59140, upload-time = "2025-10-28T01:35:00.07Z" }
wheels = [
    { url = "https://files.pythonhosted.org/packages/09/27/99f848137a9381fbf963fff409d3bd89814693381c28b42968916baa86de/mo_parsing-8.694.25301-py3-none-any.whl", hash = "sha256:08223b71a2a938c775eba2f9c5b51bb4957dd2e36dd8956f44ff495d06d9ea86", size = 62679, upload-time = "2025-10-28T01:34:58.514Z" },
]

[[package]]
name = "mo-sql-parsing"
version = "11.697.25301"
source = { registry = "https://pypi.org/simple" }
dependencies = [
    { name = "mo-dots" },
    { name = "mo-future" },
    { name = "mo-imports" },
    { name = "mo-parsing" },
]
sdist = { url = "https://files.pythonhosted.org/packages/a9/9d/993e90623dcbc2d5a2e8c533e799cad0fb66e474d9078e7c767dc268ac44/mo_sql_parsing-11.697.25301.tar.gz", hash = "sha256:364b62673c623a6bd6e4ece933b0521de8be0357212019371cf658b943e8081d", size = 47147, upload-time = "2025-10-28T03:48:43.296Z" }
wheels = [
    { url = "https://files.pythonhosted.org/packages/15/16/379ea6c2b8e0ef1d6f0bdde0c4c051b2db374c8f23db81bb8b136a0a199a/mo_sql_parsing-11.697.25301-py3-none-any.whl", hash = "sha256:c1755550c73a29aeda0e6483ee208f660dd3fb25dfad0658464a69c352842a3e", size = 44679, upload-time = "2025-10-28T03:48:42.257Z" },
]

[[package]]
name = "protobuf"
version = "6.33.5"
source = { registry = "https://pypi.org/simple" }
sdist = { url = "https://files.pythonhosted.org/packages/ba/25/7c72c307aafc96fa87062aa6291d9f7c94836e43214d43722e86037aac02/protobuf-6.33.5.tar.gz", hash = "sha256:6ddcac2a081f8b7b9642c09406bc6a4290128fce5f471cddd165960bb9119e5c", size = 444465, upload-time = "2026-01-29T21:51:33.494Z" }
wheels = [
    { url = "https://files.pythonhosted.org/packages/b1/79/af92d0a8369732b027e6d6084251dd8e782c685c72da161bd4a2e00fbabb/protobuf-6.33.5-cp310-abi3-win32.whl", hash = "sha256:d71b040839446bac0f4d162e758bea99c8251161dae9d0983a3b88dee345153b", size = 425769, upload-time = "2026-01-29T21:51:21.751Z" },
    { url = "https://files.pythonhosted.org/packages/55/75/bb9bc917d10e9ee13dee8607eb9ab963b7cf8be607c46e7862c748aa2af7/protobuf-6.33.5-cp310-abi3-win_amd64.whl", hash = "sha256:3093804752167bcab3998bec9f1048baae6e29505adaf1afd14a37bddede533c", size = 437118, upload-time = "2026-01-29T21:51:24.022Z" },
    { url = "https://files.pythonhosted.org/packages/a2/6b/e48dfc1191bc5b52950246275bf4089773e91cb5ba3592621723cdddca62/protobuf-6.33.5-cp39-abi3-macosx_10_9_universal2.whl", hash = "sha256:a5cb85982d95d906df1e2210e58f8e4f1e3cdc088e52c921a041f9c9a0386de5", size = 427766, upload-time = "2026-01-29T21:51:25.413Z" },
    { url = "https://files.pythonhosted.org/packages/4e/b1/c79468184310de09d75095ed1314b839eb2f72df71097db9d1404a1b2717/protobuf-6.33.5-cp39-abi3-manylinux2014_aarch64.whl", hash = "sha256:9b71e0281f36f179d00cbcb119cb19dec4d14a81393e5ea220f64b286173e190", size = 324638, upload-time = "2026-01-29T21:51:26.423Z" },
    { url = "https://files.pythonhosted.org/packages/c5/f5/65d838092fd01c44d16037953fd4c2cc851e783de9b8f02b27ec4ffd906f/protobuf-6.33.5-cp39-abi3-manylinux2014_s390x.whl", hash = "sha256:8afa18e1d6d20af15b417e728e9f60f3aa108ee76f23c3b2c07a2c3b546d3afd", size = 339411, upload-time = "2026-01-29T21:51:27.446Z" },
    { url = "https://files.pythonhosted.org/packages/9b/53/a9443aa3ca9ba8724fdfa02dd1887c1bcd8e89556b715cfbacca6b63dbec/protobuf-6.33.5-cp39-abi3-manylinux2014_x86_64.whl", hash = "sha256:cbf16ba3350fb7b889fca858fb215967792dc125b35c7976ca4818bee3521cf0", size = 323465, upload-time = "2026-01-29T21:51:28.925Z" },
    { url = "https://files.pythonhosted.org/packages/57/bf/2086963c69bdac3d7cff1cc7ff79b8ce5ea0bec6797a017e1be338a46248/protobuf-6.33.5-py3-none-any.whl", hash = "sha256:69915a973dd0f60f31a08b8318b73eab2bd6a392c79184b3612226b0a3f8ec02", size = 170687, upload-time = "2026-01-29T21:51:32.557Z" },
]

[[package]]
name = "pyproj"
version = "3.7.2"
source = { registry = "https://pypi.org/simple" }
dependencies = [
    { name = "certifi" },
]
sdist = { url = "https://files.pythonhosted.org/packages/04/90/67bd7260b4ea9b8b20b4f58afef6c223ecb3abf368eb4ec5bc2cdef81b49/pyproj-3.7.2.tar.gz", hash = "sha256:39a0cf1ecc7e282d1d30f36594ebd55c9fae1fda8a2622cee5d100430628f88c", size = 226279, upload-time = "2025-08-14T12:05:42.18Z" }
wheels = [
    { url = "https://files.pythonhosted.org/packages/be/14/faf1b90d267cea68d7e70662e7f88cefdb1bc890bd596c74b959e0517a72/pyproj-3.7.2-cp313-cp313-macosx_13_0_x86_64.whl", hash = "sha256:19466e529b1b15eeefdf8ff26b06fa745856c044f2f77bf0edbae94078c1dfa1", size = 6214580, upload-time = "2025-08-14T12:04:28.804Z" },
    { url = "https://files.pythonhosted.org/packages/35/48/da9a45b184d375f62667f62eba0ca68569b0bd980a0bb7ffcc1d50440520/pyproj-3.7.2-cp313-cp313-macosx_14_0_arm64.whl", hash = "sha256:c79b9b84c4a626c5dc324c0d666be0bfcebd99f7538d66e8898c2444221b3da7", size = 4615388, upload-time = "2025-08-14T12:04:30.553Z" },
    { url = "https://files.pythonhosted.org/packages/5e/e7/d2b459a4a64bca328b712c1b544e109df88e5c800f7c143cfbc404d39bfb/pyproj-3.7.2-cp313-cp313-manylinux_2_28_aarch64.whl", hash = "sha256:ceecf374cacca317bc09e165db38ac548ee3cad07c3609442bd70311c59c21aa", size = 9628455, upload-time = "2025-08-14T12:04:32.435Z" },
    { url = "https://files.pythonhosted.org/packages/f8/85/c2b1706e51942de19076eff082f8495e57d5151364e78b5bef4af4a1d94a/pyproj-3.7.2-cp313-cp313-manylinux_2_28_x86_64.whl", hash = "sha256:5141a538ffdbe4bfd157421828bb2e07123a90a7a2d6f30fa1462abcfb5ce681", size = 9514269, upload-time = "2025-08-14T12:04:34.599Z" },
    { url = "https://files.pythonhosted.org/packages/34/38/07a9b89ae7467872f9a476883a5bad9e4f4d1219d31060f0f2b282276cbe/pyproj-3.7.2-cp313-cp313-musllinux_1_2_aarch64.whl", hash = "sha256:f000841e98ea99acbb7b8ca168d67773b0191de95187228a16110245c5d954d5", size = 10808437, upload-time = "2025-08-14T12:04:36.485Z" },
    { url = "https://files.pythonhosted.org/packages/12/56/fda1daeabbd39dec5b07f67233d09f31facb762587b498e6fc4572be9837/pyproj-3.7.2-cp313-cp313-musllinux_1_2_x86_64.whl", hash = "sha256:8115faf2597f281a42ab608ceac346b4eb1383d3b45ab474fd37341c4bf82a67", size = 10745540, upload-time = "2025-08-14T12:04:38.568Z" },
    { url = "https://files.pythonhosted.org/packages/0d/90/c793182cbba65a39a11db2ac6b479fe76c59e6509ae75e5744c344a0da9d/pyproj-3.7.2-cp313-cp313-win32.whl", hash = "sha256:f18c0579dd6be00b970cb1a6719197fceecc407515bab37da0066f0184aafdf3", size = 5896506, upload-time = "2025-08-14T12:04:41.059Z" },
    { url = "https://files.pythonhosted.org/packages/be/0f/747974129cf0d800906f81cd25efd098c96509026e454d4b66868779ab04/pyproj-3.7.2-cp313-cp313-win_amd64.whl", hash = "sha256:bb41c29d5f60854b1075853fe80c58950b398d4ebb404eb532536ac8d2834ed7", size = 6310195, upload-time = "2025-08-14T12:04:42.974Z" },
    { url = "https://files.pythonhosted.org/packages/82/64/fc7598a53172c4931ec6edf5228280663063150625d3f6423b4c20f9daff/pyproj-3.7.2-cp313-cp313-win_arm64.whl", hash = "sha256:2b617d573be4118c11cd96b8891a0b7f65778fa7733ed8ecdb297a447d439100", size = 6230748, upload-time = "2025-08-14T12:04:44.491Z" },
    { url = "https://files.pythonhosted.org/packages/aa/f0/611dd5cddb0d277f94b7af12981f56e1441bf8d22695065d4f0df5218498/pyproj-3.7.2-cp313-cp313t-macosx_13_0_x86_64.whl", hash = "sha256:d27b48f0e81beeaa2b4d60c516c3a1cfbb0c7ff6ef71256d8e9c07792f735279", size = 6241729, upload-time = "2025-08-14T12:04:46.274Z" },
    { url = "https://files.pythonhosted.org/packages/15/93/40bd4a6c523ff9965e480870611aed7eda5aa2c6128c6537345a2b77b542/pyproj-3.7.2-cp313-cp313t-macosx_14_0_arm64.whl", hash = "sha256:55a3610d75023c7b1c6e583e48ef8f62918e85a2ae81300569d9f104d6684bb6", size = 4652497, upload-time = "2025-08-14T12:04:48.203Z" },
    { url = "https://files.pythonhosted.org/packages/1b/ae/7150ead53c117880b35e0d37960d3138fe640a235feb9605cb9386f50bb0/pyproj-3.7.2-cp313-cp313t-manylinux_2_28_aarch64.whl", hash = "sha256:8d7349182fa622696787cc9e195508d2a41a64765da9b8a6bee846702b9e6220", size = 9942610, upload-time = "2025-08-14T12:04:49.652Z" },
    { url = "https://files.pythonhosted.org/packages/d8/17/7a4a7eafecf2b46ab64e5c08176c20ceb5844b503eaa551bf12ccac77322/pyproj-3.7.2-cp313-cp313t-manylinux_2_28_x86_64.whl", hash = "sha256:d230b186eb876ed4f29a7c5ee310144c3a0e44e89e55f65fb3607e13f6db337c", size = 9692390, upload-time = "2025-08-14T12:04:51.731Z" },
    { url = "https://files.pythonhosted.org/packages/c3/55/ae18f040f6410f0ea547a21ada7ef3e26e6c82befa125b303b02759c0e9d/pyproj-3.7.2-cp313-cp313t-musllinux_1_2_aarch64.whl", hash = "sha256:237499c7862c578d0369e2b8ac56eec550e391a025ff70e2af8417139dabb41c", size = 11047596, upload-time = "2025-08-14T12:04:53.748Z" },
    { url = "https://files.pythonhosted.org/packages/e6/2e/d3fff4d2909473f26ae799f9dda04caa322c417a51ff3b25763f7d03b233/pyproj-3.7.2-cp313-cp313t-musllinux_1_2_x86_64.whl", hash = "sha256:8c225f5978abd506fd9a78eaaf794435e823c9156091cabaab5374efb29d7f69", size = 10896975, upload-time = "2025-08-14T12:04:55.875Z" },
    { url = "https://files.pythonhosted.org/packages/f2/bc/8fc7d3963d87057b7b51ebe68c1e7c51c23129eee5072ba6b86558544a46/pyproj-3.7.2-cp313-cp313t-win32.whl", hash = "sha256:2da731876d27639ff9d2d81c151f6ab90a1546455fabd93368e753047be344a2", size = 5953057, upload-time = "2025-08-14T12:04:58.466Z" },
    { url = "https://files.pythonhosted.org/packages/cc/27/ea9809966cc47d2d51e6d5ae631ea895f7c7c7b9b3c29718f900a8f7d197/pyproj-3.7.2-cp313-cp313t-win_amd64.whl", hash = "sha256:f54d91ae18dd23b6c0ab48126d446820e725419da10617d86a1b69ada6d881d3", size = 6375414, upload-time = "2025-08-14T12:04:59.861Z" },
    { url = "https://files.pythonhosted.org/packages/5b/f8/1ef0129fba9a555c658e22af68989f35e7ba7b9136f25758809efec0cd6e/pyproj-3.7.2-cp313-cp313t-win_arm64.whl", hash = "sha256:fc52ba896cfc3214dc9f9ca3c0677a623e8fdd096b257c14a31e719d21ff3fdd", size = 6262501, upload-time = "2025-08-14T12:05:01.39Z" },
]

[[package]]
name = "python-dateutil"
version = "2.9.0.post0"
source = { registry = "https://pypi.org/simple" }
dependencies = [
    { name = "six" },
]
sdist = { url = "https://files.pythonhosted.org/packages/66/c0/0c8b6ad9f17a802ee498c46e004a0eb49bc148f2fd230864601a86dcf6db/python-dateutil-2.9.0.post0.tar.gz", hash = "sha256:37dd54208da7e1cd875388217d5e00ebd4179249f90fb72437e91a35459a0ad3", size = 342432, upload-time = "2024-03-01T18:36:20.211Z" }
wheels = [
    { url = "https://files.pythonhosted.org/packages/ec/57/56b9bcc3c9c6a792fcbaf139543cee77261f3651ca9da0c93f5c1221264b/python_dateutil-2.9.0.post0-py2.py3-none-any.whl", hash = "sha256:a8b2bc7bffae282281c8140a97d3aa9c14da0b136dfe83f850eea9a5f7470427", size = 229892, upload-time = "2024-03-01T18:36:18.57Z" },
]

[[package]]
name = "rfc3986"
version = "1.5.0"
source = { registry = "https://pypi.org/simple" }
sdist = { url = "https://files.pythonhosted.org/packages/79/30/5b1b6c28c105629cc12b33bdcbb0b11b5bb1880c6cfbd955f9e792921aa8/rfc3986-1.5.0.tar.gz", hash = "sha256:270aaf10d87d0d4e095063c65bf3ddbc6ee3d0b226328ce21e036f946e421835", size = 49378, upload-time = "2021-05-07T23:29:27.183Z" }
wheels = [
    { url = "https://files.pythonhosted.org/packages/c4/e5/63ca2c4edf4e00657584608bee1001302bbf8c5f569340b78304f2f446cb/rfc3986-1.5.0-py2.py3-none-any.whl", hash = "sha256:a86d6e1f5b1dc238b218b012df0aa79409667bb209e58da56d0b94704e712a97", size = 31976, upload-time = "2021-05-07T23:29:25.611Z" },
]

[[package]]
name = "s3transfer"
version = "0.16.0"
source = { registry = "https://pypi.org/simple" }
dependencies = [
    { name = "botocore" },
]
sdist = { url = "https://files.pythonhosted.org/packages/05/04/74127fc843314818edfa81b5540e26dd537353b123a4edc563109d8f17dd/s3transfer-0.16.0.tar.gz", hash = "sha256:8e990f13268025792229cd52fa10cb7163744bf56e719e0b9cb925ab79abf920", size = 153827, upload-time = "2025-12-01T02:30:59.114Z" }
wheels = [
    { url = "https://files.pythonhosted.org/packages/fc/51/727abb13f44c1fcf6d145979e1535a35794db0f6e450a0cb46aa24732fe2/s3transfer-0.16.0-py3-none-any.whl", hash = "sha256:18e25d66fed509e3868dc1572b3f427ff947dd2c56f844a5bf09481ad3f3b2fe", size = 86830, upload-time = "2025-12-01T02:30:57.729Z" },
]

[[package]]
name = "six"
version = "1.17.0"
source = { registry = "https://pypi.org/simple" }
sdist = { url = "https://files.pythonhosted.org/packages/94/e7/b2c673351809dca68a0e064b6af791aa332cf192da575fd474ed7d6f16a2/six-1.17.0.tar.gz", hash = "sha256:ff70335d468e7eb6ec65b95b99d3a2836546063f63acc5171de367e834932a81", size = 34031, upload-time = "2024-12-04T17:35:28.174Z" }
wheels = [
    { url = "https://files.pythonhosted.org/packages/b7/ce/149a00dd41f10bc29e5921b496af8b574d8413afcd5e30dfa0ed46c2cc5e/six-1.17.0-py2.py3-none-any.whl", hash = "sha256:4721f391ed90541fddacab5acf947aa0d3dc7d27b2e1e8eda2be8970586c3274", size = 11050, upload-time = "2024-12-04T17:35:26.475Z" },
]

[[package]]
name = "urllib3"
version = "2.6.3"
source = { registry = "https://pypi.org/simple" }
sdist = { url = "https://files.pythonhosted.org/packages/c7/24/5f1b3bdffd70275f6661c76461e25f024d5a38a46f04aaca912426a2b1d3/urllib3-2.6.3.tar.gz", hash = "sha256:1b62b6884944a57dbe321509ab94fd4d3b307075e0c2eae991ac71ee15ad38ed", size = 435556, upload-time = "2026-01-07T16:24:43.925Z" }
wheels = [
    { url = "https://files.pythonhosted.org/packages/39/08/aaaad47bc4e9dc8c725e68f9d04865dbcb2052843ff09c97b08904852d84/urllib3-2.6.3-py3-none-any.whl", hash = "sha256:bf272323e553dfb2e87d9bfd225ca7b0f467b919d7bbd355436d3fd37cb0acd4", size = 131584, upload-time = "2026-01-07T16:24:42.685Z" },
]

[[package]]
name = "wrapt"
version = "2.1.1"
source = { registry = "https://pypi.org/simple" }
sdist = { url = "https://files.pythonhosted.org/packages/f7/37/ae31f40bec90de2f88d9597d0b5281e23ffe85b893a47ca5d9c05c63a4f6/wrapt-2.1.1.tar.gz", hash = "sha256:5fdcb09bf6db023d88f312bd0767594b414655d58090fc1c46b3414415f67fac", size = 81329, upload-time = "2026-02-03T02:12:13.786Z" }
wheels = [
    { url = "https://files.pythonhosted.org/packages/f7/ca/3cf290212855b19af9fcc41b725b5620b32f470d6aad970c2593500817eb/wrapt-2.1.1-cp313-cp313-macosx_10_13_x86_64.whl", hash = "sha256:ce9646e17fa7c3e2e7a87e696c7de66512c2b4f789a8db95c613588985a2e139", size = 61150, upload-time = "2026-02-03T02:12:50.575Z" },
    { url = "https://files.pythonhosted.org/packages/9d/33/5b8f89a82a9859ce82da4870c799ad11ce15648b6e1c820fec3e23f4a19f/wrapt-2.1.1-cp313-cp313-macosx_11_0_arm64.whl", hash = "sha256:428cfc801925454395aa468ba7ddb3ed63dc0d881df7b81626cdd433b4e2b11b", size = 61743, upload-time = "2026-02-03T02:11:55.733Z" },
    { url = "https://files.pythonhosted.org/packages/1e/2f/60c51304fbdf47ce992d9eefa61fbd2c0e64feee60aaa439baf42ea6f40b/wrapt-2.1.1-cp313-cp313-manylinux1_x86_64.manylinux_2_28_x86_64.manylinux_2_5_x86_64.whl", hash = "sha256:5797f65e4d58065a49088c3b32af5410751cd485e83ba89e5a45e2aa8905af98", size = 121341, upload-time = "2026-02-03T02:11:20.461Z" },
    { url = "https://files.pythonhosted.org/packages/ad/03/ce5256e66dd94e521ad5e753c78185c01b6eddbed3147be541f4d38c0cb7/wrapt-2.1.1-cp313-cp313-manylinux2014_aarch64.manylinux_2_17_aarch64.manylinux_2_28_aarch64.whl", hash = "sha256:5a2db44a71202c5ae4bb5f27c6d3afbc5b23053f2e7e78aa29704541b5dad789", size = 122947, upload-time = "2026-02-03T02:11:33.596Z" },
    { url = "https://files.pythonhosted.org/packages/eb/ae/50ca8854b81b946a11a36fcd6ead32336e6db2c14b6e4a8b092b80741178/wrapt-2.1.1-cp313-cp313-musllinux_1_2_aarch64.whl", hash = "sha256:8d5350c3590af09c1703dd60ec78a7370c0186e11eaafb9dda025a30eee6492d", size = 121370, upload-time = "2026-02-03T02:11:09.886Z" },
    { url = "https://files.pythonhosted.org/packages/fb/d9/d6a7c654e0043319b4cc137a4caaf7aa16b46b51ee8df98d1060254705b7/wrapt-2.1.1-cp313-cp313-musllinux_1_2_x86_64.whl", hash = "sha256:2d9b076411bed964e752c01b49fd224cc385f3a96f520c797d38412d70d08359", size = 120465, upload-time = "2026-02-03T02:11:37.592Z" },
    { url = "https://files.pythonhosted.org/packages/55/90/65be41e40845d951f714b5a77e84f377a3787b1e8eee6555a680da6d0db5/wrapt-2.1.1-cp313-cp313-win32.whl", hash = "sha256:0bb7207130ce6486727baa85373503bf3334cc28016f6928a0fa7e19d7ecdc06", size = 58090, upload-time = "2026-02-03T02:12:53.342Z" },
    { url = "https://files.pythonhosted.org/packages/5f/66/6a09e0294c4fc8c26028a03a15191721c9271672467cc33e6617ee0d91d2/wrapt-2.1.1-cp313-cp313-win_amd64.whl", hash = "sha256:cbfee35c711046b15147b0ae7db9b976f01c9520e6636d992cd9e69e5e2b03b1", size = 60341, upload-time = "2026-02-03T02:12:36.384Z" },
    { url = "https://files.pythonhosted.org/packages/7a/f0/20ceb8b701e9a71555c87a5ddecbed76ec16742cf1e4b87bbaf26735f998/wrapt-2.1.1-cp313-cp313-win_arm64.whl", hash = "sha256:7d2756061022aebbf57ba14af9c16e8044e055c22d38de7bf40d92b565ecd2b0", size = 58731, upload-time = "2026-02-03T02:12:01.328Z" },
    { url = "https://files.pythonhosted.org/packages/80/b4/fe95beb8946700b3db371f6ce25115217e7075ca063663b8cca2888ba55c/wrapt-2.1.1-cp313-cp313t-macosx_10_13_x86_64.whl", hash = "sha256:4814a3e58bc6971e46baa910ecee69699110a2bf06c201e24277c65115a20c20", size = 62969, upload-time = "2026-02-03T02:11:51.245Z" },
    { url = "https://files.pythonhosted.org/packages/b8/89/477b0bdc784e3299edf69c279697372b8bd4c31d9c6966eae405442899df/wrapt-2.1.1-cp313-cp313t-macosx_11_0_arm64.whl", hash = "sha256:106c5123232ab9b9f4903692e1fa0bdc231510098f04c13c3081f8ad71c3d612", size = 63606, upload-time = "2026-02-03T02:12:02.64Z" },
    { url = "https://files.pythonhosted.org/packages/ed/55/9d0c1269ab76de87715b3b905df54dd25d55bbffd0b98696893eb613469f/wrapt-2.1.1-cp313-cp313t-manylinux1_x86_64.manylinux_2_28_x86_64.manylinux_2_5_x86_64.whl", hash = "sha256:1a40b83ff2535e6e56f190aff123821eea89a24c589f7af33413b9c19eb2c738", size = 152536, upload-time = "2026-02-03T02:11:24.492Z" },
    { url = "https://files.pythonhosted.org/packages/44/18/2004766030462f79ad86efaa62000b5e39b1ff001dcce86650e1625f40ae/wrapt-2.1.1-cp313-cp313t-manylinux2014_aarch64.manylinux_2_17_aarch64.manylinux_2_28_aarch64.whl", hash = "sha256:789cea26e740d71cf1882e3a42bb29052bc4ada15770c90072cb47bf73fb3dbf", size = 158697, upload-time = "2026-02-03T02:12:32.214Z" },
    { url = "https://files.pythonhosted.org/packages/e1/bb/0a880fa0f35e94ee843df4ee4dd52a699c9263f36881311cfb412c09c3e5/wrapt-2.1.1-cp313-cp313t-musllinux_1_2_aarch64.whl", hash = "sha256:ba49c14222d5e5c0ee394495a8655e991dc06cbca5398153aefa5ac08cd6ccd7", size = 155563, upload-time = "2026-02-03T02:11:49.737Z" },
    { url = "https://files.pythonhosted.org/packages/42/ff/cd1b7c4846c8678fac359a6eb975dc7ab5bd606030adb22acc8b4a9f53f1/wrapt-2.1.1-cp313-cp313t-musllinux_1_2_x86_64.whl", hash = "sha256:ac8cda531fe55be838a17c62c806824472bb962b3afa47ecbd59b27b78496f4e", size = 150161, upload-time = "2026-02-03T02:12:33.613Z" },
    { url = "https://files.pythonhosted.org/packages/38/ec/67c90a7082f452964b4621e4890e9a490f1add23cdeb7483cc1706743291/wrapt-2.1.1-cp313-cp313t-win32.whl", hash = "sha256:b8af75fe20d381dd5bcc9db2e86a86d7fcfbf615383a7147b85da97c1182225b", size = 59783, upload-time = "2026-02-03T02:11:39.863Z" },
    { url = "https://files.pythonhosted.org/packages/ec/08/466afe4855847d8febdfa2c57c87e991fc5820afbdef01a273683dfd15a0/wrapt-2.1.1-cp313-cp313t-win_amd64.whl", hash = "sha256:45c5631c9b6c792b78be2d7352129f776dd72c605be2c3a4e9be346be8376d83", size = 63082, upload-time = "2026-02-03T02:12:09.075Z" },
    { url = "https://files.pythonhosted.org/packages/9a/62/60b629463c28b15b1eeadb3a0691e17568622b12aa5bfa7ebe9b514bfbeb/wrapt-2.1.1-cp313-cp313t-win_arm64.whl", hash = "sha256:da815b9263947ac98d088b6414ac83507809a1d385e4632d9489867228d6d81c", size = 60251, upload-time = "2026-02-03T02:11:21.794Z" },
    { url = "https://files.pythonhosted.org/packages/c4/da/5a086bf4c22a41995312db104ec2ffeee2cf6accca9faaee5315c790377d/wrapt-2.1.1-py3-none-any.whl", hash = "sha256:3b0f4629eb954394a3d7c7a1c8cca25f0b07cefe6aa8545e862e9778152de5b7", size = 43886, upload-time = "2026-02-03T02:11:45.048Z" },
]
